
Microsoft Visual Studio Solution File, Format Version 12.00
# Visual Studio 2012
Project("{FAE04EC0-301F-11D3-BF4B-00C04F79EFBC}") = "AraneaIT.Migration.Engine", "Sources\AraneaIT.Migration.Engine\AraneaIT.Migration.Engine.csproj", "{A8AD160D-BAB2-4833-8FF6-A760C2407EAD}"
EndProject
Project("{FAE04EC0-301F-11D3-BF4B-00C04F79EFBC}") = "AraneaIT.Migration.Providers.FirebirdDatabase", "Sources\AraneaIT.Migration.Providers.FirebirdDatabase\AraneaIT.Migration.Providers.FirebirdDatabase.csproj", "{2D8F8464-9CE8-4790-917A-949EF2EEDC8A}"
EndProject
Project("{FAE04EC0-301F-11D3-BF4B-00C04F79EFBC}") = "AraneaIT.Migration.Providers.SqlServerDatabase", "Sources\AraneaIt.Migration.Providers.SqlServerDatabase\AraneaIT.Migration.Providers.SqlServerDatabase.csproj", "{A3A1E911-09D9-4BB6-99FE-5096CD12D21A}"
EndProject
Project("{FAE04EC0-301F-11D3-BF4B-00C04F79EFBC}") = "AraneaIT.Migration.Providers.WebAPI", "Sources\AraneaIT.Migration.Providers.WebAPI\AraneaIT.Migration.Providers.WebAPI.csproj", "{4CD27FFE-CBC3-4BF1-BD1C-41ED8332E463}"
EndProject
Project("{E09DD79A-4488-4AB9-8D3F-A7EEE78BF432}") = "AraneaIt.Migration.Engine", "Nugets\AraneaIt.Migration\AraneaIt.Migration.Engine.nuproj", "{A2ADD118-08FF-4497-B054-5BD5FB81561B}"
EndProject
Project("{2150E333-8FDC-42A3-9474-1A3956D46DE8}") = "Nugets", "Nugets", "{2209B3B0-C789-4A81-92EA-6B8CBC90EFCB}"
EndProject
Project("{E09DD79A-4488-4AB9-8D3F-A7EEE78BF432}") = "AraneaIT.Migration.Providers.FirebirdDatabase", "Nugets\AraneaIT.Migration.Providers.FirebirdDatabase\AraneaIT.Migration.Providers.FirebirdDatabase.nuproj", "{BC67A298-239B-4A0B-9BC0-DC469C3FAB11}"
EndProject
Project("{E09DD79A-4488-4AB9-8D3F-A7EEE78BF432}") = "AraneaIT.Migration.Providers.WebAPI", "Nugets\AraneaIT.Migration.Providers.WebAPI\AraneaIT.Migration.Providers.WebAPI.nuproj", "{0ADA8990-E010-4349-B961-88670DD218FF}"
EndProject
Project("{E09DD79A-4488-4AB9-8D3F-A7EEE78BF432}") = "AraneaIT.Migration.Providers.SqlServerDatabase", "Nugets\AraneaIT.Migration.Providers.SqlServerDatabase\AraneaIT.Migration.Providers.SqlServerDatabase.nuproj", "{2721CFAC-6642-4047-9771-6F0A7AB83D0F}"
EndProject
Project("{F2A71F9B-5D33-465A-A702-920D77279786}") = "AraneaIT.Migration.Engine.Tests", "Sources\AraneaIT.Migration.Engine.Tests\AraneaIT.Migration.Engine.Tests\AraneaIT.Migration.Engine.Tests.fsproj", "{1BED3D77-4B41-47D5-B46A-724D10ADF026}"
EndProject
Project("{FAE04EC0-301F-11D3-BF4B-00C04F79EFBC}") = "AraneaIt.Migration.Providers.Excel", "Sources\AraneaIt.Migration.Providers.Excel\AraneaIt.Migration.Providers.Excel.csproj", "{1AB5CFF6-537A-4BC7-BE7B-24F205BDBDEB}"
EndProject
Project("{E09DD79A-4488-4AB9-8D3F-A7EEE78BF432}") = "AraneaIt.Migration.Providers.Excel", "Nugets\AraneaIt.Migration.Providers.Excel\AraneaIt.Migration.Providers.Excel.nuproj", "{1D849394-F067-45C4-A8D9-1FC2EE57A3C8}"
EndProject
Global
	GlobalSection(SolutionConfigurationPlatforms) = preSolution
		Debug|Any CPU = Debug|Any CPU
		Debug|Mixed Platforms = Debug|Mixed Platforms
		Debug|x86 = Debug|x86
		Release|Any CPU = Release|Any CPU
		Release|Mixed Platforms = Release|Mixed Platforms
		Release|x86 = Release|x86
	EndGlobalSection
	GlobalSection(ProjectConfigurationPlatforms) = postSolution
		{A8AD160D-BAB2-4833-8FF6-A760C2407EAD}.Debug|Any CPU.ActiveCfg = Debug|Any CPU
		{A8AD160D-BAB2-4833-8FF6-A760C2407EAD}.Debug|Any CPU.Build.0 = Debug|Any CPU
		{A8AD160D-BAB2-4833-8FF6-A760C2407EAD}.Debug|Mixed Platforms.ActiveCfg = Debug|Any CPU
		{A8AD160D-BAB2-4833-8FF6-A760C2407EAD}.Debug|Mixed Platforms.Build.0 = Debug|Any CPU
		{A8AD160D-BAB2-4833-8FF6-A760C2407EAD}.Debug|x86.ActiveCfg = Debug|Any CPU
		{A8AD160D-BAB2-4833-8FF6-A760C2407EAD}.Release|Any CPU.ActiveCfg = Release|Any CPU
		{A8AD160D-BAB2-4833-8FF6-A760C2407EAD}.Release|Any CPU.Build.0 = Release|Any CPU
		{A8AD160D-BAB2-4833-8FF6-A760C2407EAD}.Release|Mixed Platforms.ActiveCfg = Release|Any CPU
		{A8AD160D-BAB2-4833-8FF6-A760C2407EAD}.Release|Mixed Platforms.Build.0 = Release|Any CPU
		{A8AD160D-BAB2-4833-8FF6-A760C2407EAD}.Release|x86.ActiveCfg = Release|Any CPU
		{2D8F8464-9CE8-4790-917A-949EF2EEDC8A}.Debug|Any CPU.ActiveCfg = Debug|Any CPU
		{2D8F8464-9CE8-4790-917A-949EF2EEDC8A}.Debug|Any CPU.Build.0 = Debug|Any CPU
		{2D8F8464-9CE8-4790-917A-949EF2EEDC8A}.Debug|Mixed Platforms.ActiveCfg = Debug|Any CPU
		{2D8F8464-9CE8-4790-917A-949EF2EEDC8A}.Debug|Mixed Platforms.Build.0 = Debug|Any CPU
		{2D8F8464-9CE8-4790-917A-949EF2EEDC8A}.Debug|x86.ActiveCfg = Debug|Any CPU
		{2D8F8464-9CE8-4790-917A-949EF2EEDC8A}.Release|Any CPU.ActiveCfg = Release|Any CPU
		{2D8F8464-9CE8-4790-917A-949EF2EEDC8A}.Release|Any CPU.Build.0 = Release|Any CPU
		{2D8F8464-9CE8-4790-917A-949EF2EEDC8A}.Release|Mixed Platforms.ActiveCfg = Release|Any CPU
		{2D8F8464-9CE8-4790-917A-949EF2EEDC8A}.Release|Mixed Platforms.Build.0 = Release|Any CPU
		{2D8F8464-9CE8-4790-917A-949EF2EEDC8A}.Release|x86.ActiveCfg = Release|Any CPU
		{A3A1E911-09D9-4BB6-99FE-5096CD12D21A}.Debug|Any CPU.ActiveCfg = Debug|Any CPU
		{A3A1E911-09D9-4BB6-99FE-5096CD12D21A}.Debug|Any CPU.Build.0 = Debug|Any CPU
		{A3A1E911-09D9-4BB6-99FE-5096CD12D21A}.Debug|Mixed Platforms.ActiveCfg = Debug|Any CPU
		{A3A1E911-09D9-4BB6-99FE-5096CD12D21A}.Debug|Mixed Platforms.Build.0 = Debug|Any CPU
		{A3A1E911-09D9-4BB6-99FE-5096CD12D21A}.Debug|x86.ActiveCfg = Debug|Any CPU
		{A3A1E911-09D9-4BB6-99FE-5096CD12D21A}.Release|Any CPU.ActiveCfg = Release|Any CPU
		{A3A1E911-09D9-4BB6-99FE-5096CD12D21A}.Release|Any CPU.Build.0 = Release|Any CPU
		{A3A1E911-09D9-4BB6-99FE-5096CD12D21A}.Release|Mixed Platforms.ActiveCfg = Release|Any CPU
		{A3A1E911-09D9-4BB6-99FE-5096CD12D21A}.Release|Mixed Platforms.Build.0 = Release|Any CPU
		{A3A1E911-09D9-4BB6-99FE-5096CD12D21A}.Release|x86.ActiveCfg = Release|Any CPU
		{4CD27FFE-CBC3-4BF1-BD1C-41ED8332E463}.Debug|Any CPU.ActiveCfg = Debug|Any CPU
		{4CD27FFE-CBC3-4BF1-BD1C-41ED8332E463}.Debug|Any CPU.Build.0 = Debug|Any CPU
		{4CD27FFE-CBC3-4BF1-BD1C-41ED8332E463}.Debug|Mixed Platforms.ActiveCfg = Debug|Any CPU
		{4CD27FFE-CBC3-4BF1-BD1C-41ED8332E463}.Debug|Mixed Platforms.Build.0 = Debug|Any CPU
		{4CD27FFE-CBC3-4BF1-BD1C-41ED8332E463}.Debug|x86.ActiveCfg = Debug|Any CPU
		{4CD27FFE-CBC3-4BF1-BD1C-41ED8332E463}.Release|Any CPU.ActiveCfg = Release|Any CPU
		{4CD27FFE-CBC3-4BF1-BD1C-41ED8332E463}.Release|Any CPU.Build.0 = Release|Any CPU
		{4CD27FFE-CBC3-4BF1-BD1C-41ED8332E463}.Release|Mixed Platforms.ActiveCfg = Release|Any CPU
		{4CD27FFE-CBC3-4BF1-BD1C-41ED8332E463}.Release|Mixed Platforms.Build.0 = Release|Any CPU
		{4CD27FFE-CBC3-4BF1-BD1C-41ED8332E463}.Release|x86.ActiveCfg = Release|Any CPU
		{A2ADD118-08FF-4497-B054-5BD5FB81561B}.Debug|Any CPU.ActiveCfg = Debug|Any CPU
		{A2ADD118-08FF-4497-B054-5BD5FB81561B}.Debug|Any CPU.Build.0 = Debug|Any CPU
		{A2ADD118-08FF-4497-B054-5BD5FB81561B}.Debug|Mixed Platforms.ActiveCfg = Debug|Any CPU
		{A2ADD118-08FF-4497-B054-5BD5FB81561B}.Debug|Mixed Platforms.Build.0 = Debug|Any CPU
		{A2ADD118-08FF-4497-B054-5BD5FB81561B}.Debug|x86.ActiveCfg = Debug|Any CPU
		{A2ADD118-08FF-4497-B054-5BD5FB81561B}.Release|Any CPU.ActiveCfg = Release|Any CPU
		{A2ADD118-08FF-4497-B054-5BD5FB81561B}.Release|Any CPU.Build.0 = Release|Any CPU
		{A2ADD118-08FF-4497-B054-5BD5FB81561B}.Release|Mixed Platforms.ActiveCfg = Release|Any CPU
		{A2ADD118-08FF-4497-B054-5BD5FB81561B}.Release|Mixed Platforms.Build.0 = Release|Any CPU
		{A2ADD118-08FF-4497-B054-5BD5FB81561B}.Release|x86.ActiveCfg = Release|Any CPU
		{BC67A298-239B-4A0B-9BC0-DC469C3FAB11}.Debug|Any CPU.ActiveCfg = Debug|Any CPU
		{BC67A298-239B-4A0B-9BC0-DC469C3FAB11}.Debug|Any CPU.Build.0 = Debug|Any CPU
		{BC67A298-239B-4A0B-9BC0-DC469C3FAB11}.Debug|Mixed Platforms.ActiveCfg = Debug|Any CPU
		{BC67A298-239B-4A0B-9BC0-DC469C3FAB11}.Debug|Mixed Platforms.Build.0 = Debug|Any CPU
		{BC67A298-239B-4A0B-9BC0-DC469C3FAB11}.Debug|x86.ActiveCfg = Debug|Any CPU
		{BC67A298-239B-4A0B-9BC0-DC469C3FAB11}.Release|Any CPU.ActiveCfg = Release|Any CPU
		{BC67A298-239B-4A0B-9BC0-DC469C3FAB11}.Release|Any CPU.Build.0 = Release|Any CPU
		{BC67A298-239B-4A0B-9BC0-DC469C3FAB11}.Release|Mixed Platforms.ActiveCfg = Release|Any CPU
		{BC67A298-239B-4A0B-9BC0-DC469C3FAB11}.Release|Mixed Platforms.Build.0 = Release|Any CPU
		{BC67A298-239B-4A0B-9BC0-DC469C3FAB11}.Release|x86.ActiveCfg = Release|Any CPU
		{0ADA8990-E010-4349-B961-88670DD218FF}.Debug|Any CPU.ActiveCfg = Debug|Any CPU
		{0ADA8990-E010-4349-B961-88670DD218FF}.Debug|Any CPU.Build.0 = Debug|Any CPU
		{0ADA8990-E010-4349-B961-88670DD218FF}.Debug|Mixed Platforms.ActiveCfg = Debug|Any CPU
		{0ADA8990-E010-4349-B961-88670DD218FF}.Debug|Mixed Platforms.Build.0 = Debug|Any CPU
		{0ADA8990-E010-4349-B961-88670DD218FF}.Debug|x86.ActiveCfg = Debug|Any CPU
		{0ADA8990-E010-4349-B961-88670DD218FF}.Release|Any CPU.ActiveCfg = Release|Any CPU
		{0ADA8990-E010-4349-B961-88670DD218FF}.Release|Any CPU.Build.0 = Release|Any CPU
		{0ADA8990-E010-4349-B961-88670DD218FF}.Release|Mixed Platforms.ActiveCfg = Release|Any CPU
		{0ADA8990-E010-4349-B961-88670DD218FF}.Release|Mixed Platforms.Build.0 = Release|Any CPU
		{0ADA8990-E010-4349-B961-88670DD218FF}.Release|x86.ActiveCfg = Release|Any CPU
		{2721CFAC-6642-4047-9771-6F0A7AB83D0F}.Debug|Any CPU.ActiveCfg = Debug|Any CPU
		{2721CFAC-6642-4047-9771-6F0A7AB83D0F}.Debug|Any CPU.Build.0 = Debug|Any CPU
		{2721CFAC-6642-4047-9771-6F0A7AB83D0F}.Debug|Mixed Platforms.ActiveCfg = Debug|Any CPU
		{2721CFAC-6642-4047-9771-6F0A7AB83D0F}.Debug|Mixed Platforms.Build.0 = Debug|Any CPU
		{2721CFAC-6642-4047-9771-6F0A7AB83D0F}.Debug|x86.ActiveCfg = Debug|Any CPU
		{2721CFAC-6642-4047-9771-6F0A7AB83D0F}.Release|Any CPU.ActiveCfg = Release|Any CPU
		{2721CFAC-6642-4047-9771-6F0A7AB83D0F}.Release|Any CPU.Build.0 = Release|Any CPU
		{2721CFAC-6642-4047-9771-6F0A7AB83D0F}.Release|Mixed Platforms.ActiveCfg = Release|Any CPU
		{2721CFAC-6642-4047-9771-6F0A7AB83D0F}.Release|Mixed Platforms.Build.0 = Release|Any CPU
		{2721CFAC-6642-4047-9771-6F0A7AB83D0F}.Release|x86.ActiveCfg = Release|Any CPU
		{1BED3D77-4B41-47D5-B46A-724D10ADF026}.Debug|Any CPU.ActiveCfg = Debug|Any CPU
		{1BED3D77-4B41-47D5-B46A-724D10ADF026}.Debug|Any CPU.Build.0 = Debug|Any CPU
		{1BED3D77-4B41-47D5-B46A-724D10ADF026}.Debug|Mixed Platforms.ActiveCfg = Debug|Any CPU
		{1BED3D77-4B41-47D5-B46A-724D10ADF026}.Debug|Mixed Platforms.Build.0 = Debug|Any CPU
		{1BED3D77-4B41-47D5-B46A-724D10ADF026}.Debug|x86.ActiveCfg = Debug|Any CPU
		{1BED3D77-4B41-47D5-B46A-724D10ADF026}.Release|Any CPU.ActiveCfg = Release|Any CPU
		{1BED3D77-4B41-47D5-B46A-724D10ADF026}.Release|Any CPU.Build.0 = Release|Any CPU
		{1BED3D77-4B41-47D5-B46A-724D10ADF026}.Release|Mixed Platforms.ActiveCfg = Release|Any CPU
		{1BED3D77-4B41-47D5-B46A-724D10ADF026}.Release|Mixed Platforms.Build.0 = Release|Any CPU
		{1BED3D77-4B41-47D5-B46A-724D10ADF026}.Release|x86.ActiveCfg = Release|Any CPU
		{1AB5CFF6-537A-4BC7-BE7B-24F205BDBDEB}.Debug|Any CPU.ActiveCfg = Debug|Any CPU
		{1AB5CFF6-537A-4BC7-BE7B-24F205BDBDEB}.Debug|Any CPU.Build.0 = Debug|Any CPU
		{1AB5CFF6-537A-4BC7-BE7B-24F205BDBDEB}.Debug|Mixed Platforms.ActiveCfg = Debug|Any CPU
		{1AB5CFF6-537A-4BC7-BE7B-24F205BDBDEB}.Debug|Mixed Platforms.Build.0 = Debug|Any CPU
		{1AB5CFF6-537A-4BC7-BE7B-24F205BDBDEB}.Debug|x86.ActiveCfg = Debug|Any CPU
		{1AB5CFF6-537A-4BC7-BE7B-24F205BDBDEB}.Release|Any CPU.ActiveCfg = Release|Any CPU
		{1AB5CFF6-537A-4BC7-BE7B-24F205BDBDEB}.Release|Any CPU.Build.0 = Release|Any CPU
		{1AB5CFF6-537A-4BC7-BE7B-24F205BDBDEB}.Release|Mixed Platforms.ActiveCfg = Release|Any CPU
		{1AB5CFF6-537A-4BC7-BE7B-24F205BDBDEB}.Release|Mixed Platforms.Build.0 = Release|Any CPU
		{1AB5CFF6-537A-4BC7-BE7B-24F205BDBDEB}.Release|x86.ActiveCfg = Release|Any CPU
		{1D849394-F067-45C4-A8D9-1FC2EE57A3C8}.Debug|Any CPU.ActiveCfg = Debug|Any CPU
		{1D849394-F067-45C4-A8D9-1FC2EE57A3C8}.Debug|Any CPU.Build.0 = Debug|Any CPU
		{1D849394-F067-45C4-A8D9-1FC2EE57A3C8}.Debug|Mixed Platforms.ActiveCfg = Debug|Any CPU
		{1D849394-F067-45C4-A8D9-1FC2EE57A3C8}.Debug|Mixed Platforms.Build.0 = Debug|Any CPU
		{1D849394-F067-45C4-A8D9-1FC2EE57A3C8}.Debug|x86.ActiveCfg = Debug|Any CPU
		{1D849394-F067-45C4-A8D9-1FC2EE57A3C8}.Release|Any CPU.ActiveCfg = Release|Any CPU
		{1D849394-F067-45C4-A8D9-1FC2EE57A3C8}.Release|Any CPU.Build.0 = Release|Any CPU
		{1D849394-F067-45C4-A8D9-1FC2EE57A3C8}.Release|Mixed Platforms.ActiveCfg = Release|Any CPU
		{1D849394-F067-45C4-A8D9-1FC2EE57A3C8}.Release|Mixed Platforms.Build.0 = Release|Any CPU
		{1D849394-F067-45C4-A8D9-1FC2EE57A3C8}.Release|x86.ActiveCfg = Release|Any CPU
	EndGlobalSection
	GlobalSection(SolutionProperties) = preSolution
		HideSolutionNode = FALSE
	EndGlobalSection
	GlobalSection(NestedProjects) = preSolution
		{A2ADD118-08FF-4497-B054-5BD5FB81561B} = {2209B3B0-C789-4A81-92EA-6B8CBC90EFCB}
		{BC67A298-239B-4A0B-9BC0-DC469C3FAB11} = {2209B3B0-C789-4A81-92EA-6B8CBC90EFCB}
		{0ADA8990-E010-4349-B961-88670DD218FF} = {2209B3B0-C789-4A81-92EA-6B8CBC90EFCB}
		{2721CFAC-6642-4047-9771-6F0A7AB83D0F} = {2209B3B0-C789-4A81-92EA-6B8CBC90EFCB}
		{1D849394-F067-45C4-A8D9-1FC2EE57A3C8} = {2209B3B0-C789-4A81-92EA-6B8CBC90EFCB}
	EndGlobalSection
	GlobalSection(ExtensibilityGlobals) = postSolution
		BuildVersion_BuildVersioningStyle = None.None.None.Increment
		BuildVersion_UpdateAssemblyVersion = False
		BuildVersion_UpdateFileVersion = False
		BuildVersion_UseGlobalSettings = False
	EndGlobalSection
EndGlobal
